
Microsoft Visual Studio Solution File, Format Version 12.00
# Visual Studio Version 17
VisualStudioVersion = 17.4.33213.308
MinimumVisualStudioVersion = 10.0.40219.1
Project("{FAE04EC0-301F-11D3-BF4B-00C04F79EFBC}") = "SYS.FormUI", "SYS.FormUI\SYS.FormUI.csproj", "{8854DCB7-F2D7-4276-8D10-C7A124436145}"
EndProject
Project("{FAE04EC0-301F-11D3-BF4B-00C04F79EFBC}") = "SYS.Common", "SYS.Common\SYS.Common.csproj", "{65501AF6-C629-448A-847E-1BCD60665865}"
EndProject
Project("{2150E333-8FDC-42A3-9474-1A3956D46DE8}") = "Api", "Api", "{6A3E4936-8B95-49E0-842B-E002C0E024CE}"
EndProject
Project("{2150E333-8FDC-42A3-9474-1A3956D46DE8}") = "Client", "Client", "{3B8902EC-CAB9-406A-AAF7-24DABD885AC0}"
EndProject
Project("{9A19103F-16F7-4668-BE54-9A1E7A4F7556}") = "EOM.TSHotelManager.Application", "TopskyHotelManagerSystem-WebApi\EOM.TSHotelManager.Application\EOM.TSHotelManager.Application.csproj", "{5432EEA6-4925-4D3C-9B3C-F7591D35C689}"
EndProject
Project("{9A19103F-16F7-4668-BE54-9A1E7A4F7556}") = "EOM.TSHotelManager.Common.Core", "TopskyHotelManagerSystem-WebApi\EOM.TSHotelManager.Common.Core\EOM.TSHotelManager.Common.Core.csproj", "{317C0928-5B3A-4E93-859A-52F6C307C074}"
EndProject
Project("{9A19103F-16F7-4668-BE54-9A1E7A4F7556}") = "EOM.TSHotelManager.EntityFramework", "TopskyHotelManagerSystem-WebApi\EOM.TSHotelManager.EntityFramework\EOM.TSHotelManager.EntityFramework.csproj", "{0858544D-6A82-456D-B8FB-6D1677B996AD}"
EndProject
Project("{9A19103F-16F7-4668-BE54-9A1E7A4F7556}") = "EOM.TSHotelManager.WebApi", "TopskyHotelManagerSystem-WebApi\EOM.TSHotelManager.WebApi\EOM.TSHotelManager.WebApi.csproj", "{53B1242D-2326-4D42-8F79-A00DFC978692}"
EndProject
Project("{9A19103F-16F7-4668-BE54-9A1E7A4F7556}") = "Library", "TopskyHotelManagerSystem-WebApi\Library\Library.csproj", "{757FD88E-CC6A-494D-AD01-08C5DBB6FC73}"
EndProject
Global
	GlobalSection(SolutionConfigurationPlatforms) = preSolution
		Debug|Any CPU = Debug|Any CPU
		Release|Any CPU = Release|Any CPU
	EndGlobalSection
	GlobalSection(ProjectConfigurationPlatforms) = postSolution
		{8854DCB7-F2D7-4276-8D10-C7A124436145}.Debug|Any CPU.ActiveCfg = Debug|Any CPU
		{8854DCB7-F2D7-4276-8D10-C7A124436145}.Debug|Any CPU.Build.0 = Debug|Any CPU
		{8854DCB7-F2D7-4276-8D10-C7A124436145}.Release|Any CPU.ActiveCfg = Release|Any CPU
		{8854DCB7-F2D7-4276-8D10-C7A124436145}.Release|Any CPU.Build.0 = Release|Any CPU
		{65501AF6-C629-448A-847E-1BCD60665865}.Debug|Any CPU.ActiveCfg = Debug|Any CPU
		{65501AF6-C629-448A-847E-1BCD60665865}.Debug|Any CPU.Build.0 = Debug|Any CPU
		{65501AF6-C629-448A-847E-1BCD60665865}.Release|Any CPU.ActiveCfg = Release|Any CPU
		{65501AF6-C629-448A-847E-1BCD60665865}.Release|Any CPU.Build.0 = Release|Any CPU
		{5432EEA6-4925-4D3C-9B3C-F7591D35C689}.Debug|Any CPU.ActiveCfg = Debug|Any CPU
		{5432EEA6-4925-4D3C-9B3C-F7591D35C689}.Debug|Any CPU.Build.0 = Debug|Any CPU
		{5432EEA6-4925-4D3C-9B3C-F7591D35C689}.Release|Any CPU.ActiveCfg = Release|Any CPU
		{5432EEA6-4925-4D3C-9B3C-F7591D35C689}.Release|Any CPU.Build.0 = Release|Any CPU
		{317C0928-5B3A-4E93-859A-52F6C307C074}.Debug|Any CPU.ActiveCfg = Debug|Any CPU
		{317C0928-5B3A-4E93-859A-52F6C307C074}.Debug|Any CPU.Build.0 = Debug|Any CPU
		{317C0928-5B3A-4E93-859A-52F6C307C074}.Release|Any CPU.ActiveCfg = Release|Any CPU
		{317C0928-5B3A-4E93-859A-52F6C307C074}.Release|Any CPU.Build.0 = Release|Any CPU
		{0858544D-6A82-456D-B8FB-6D1677B996AD}.Debug|Any CPU.ActiveCfg = Debug|Any CPU
		{0858544D-6A82-456D-B8FB-6D1677B996AD}.Debug|Any CPU.Build.0 = Debug|Any CPU
		{0858544D-6A82-456D-B8FB-6D1677B996AD}.Release|Any CPU.ActiveCfg = Release|Any CPU
		{0858544D-6A82-456D-B8FB-6D1677B996AD}.Release|Any CPU.Build.0 = Release|Any CPU
		{53B1242D-2326-4D42-8F79-A00DFC978692}.Debug|Any CPU.ActiveCfg = Debug|Any CPU
		{53B1242D-2326-4D42-8F79-A00DFC978692}.Debug|Any CPU.Build.0 = Debug|Any CPU
		{53B1242D-2326-4D42-8F79-A00DFC978692}.Release|Any CPU.ActiveCfg = Release|Any CPU
		{53B1242D-2326-4D42-8F79-A00DFC978692}.Release|Any CPU.Build.0 = Release|Any CPU
		{757FD88E-CC6A-494D-AD01-08C5DBB6FC73}.Debug|Any CPU.ActiveCfg = Debug|Any CPU
		{757FD88E-CC6A-494D-AD01-08C5DBB6FC73}.Debug|Any CPU.Build.0 = Debug|Any CPU
		{757FD88E-CC6A-494D-AD01-08C5DBB6FC73}.Release|Any CPU.ActiveCfg = Release|Any CPU
		{757FD88E-CC6A-494D-AD01-08C5DBB6FC73}.Release|Any CPU.Build.0 = Release|Any CPU
	EndGlobalSection
	GlobalSection(SolutionProperties) = preSolution
		HideSolutionNode = FALSE
	EndGlobalSection
	GlobalSection(NestedProjects) = preSolution
		{8854DCB7-F2D7-4276-8D10-C7A124436145} = {3B8902EC-CAB9-406A-AAF7-24DABD885AC0}
		{65501AF6-C629-448A-847E-1BCD60665865} = {3B8902EC-CAB9-406A-AAF7-24DABD885AC0}
		{5432EEA6-4925-4D3C-9B3C-F7591D35C689} = {6A3E4936-8B95-49E0-842B-E002C0E024CE}
		{317C0928-5B3A-4E93-859A-52F6C307C074} = {6A3E4936-8B95-49E0-842B-E002C0E024CE}
		{0858544D-6A82-456D-B8FB-6D1677B996AD} = {6A3E4936-8B95-49E0-842B-E002C0E024CE}
		{53B1242D-2326-4D42-8F79-A00DFC978692} = {6A3E4936-8B95-49E0-842B-E002C0E024CE}
		{757FD88E-CC6A-494D-AD01-08C5DBB6FC73} = {6A3E4936-8B95-49E0-842B-E002C0E024CE}
	EndGlobalSection
	GlobalSection(ExtensibilityGlobals) = postSolution
		SolutionGuid = {B93ABE6D-89AD-45B3-94FB-65BD98597CC6}
	EndGlobalSection
EndGlobal
