Microsoft Visual Studio Solution File, Format Version 12.00
# Visual Studio Version 17
VisualStudioVersion = 17.4.33213.308
MinimumVisualStudioVersion = 10.0.40219.1
Project("{2150E333-8FDC-42A3-9474-1A3956D46DE8}") = "Api", "Api", "{6A3E4936-8B95-49E0-842B-E002C0E024CE}"
EndProject
Project("{2150E333-8FDC-42A3-9474-1A3956D46DE8}") = "Client", "Client", "{3B8902EC-CAB9-406A-AAF7-24DABD885AC0}"
EndProject
Project("{9A19103F-16F7-4668-BE54-9A1E7A4F7556}") = "EOM.TSHotelManager.Application", "TopskyHotelManagerSystem-WebApi\EOM.TSHotelManager.Application\EOM.TSHotelManager.Application.csproj", "{B55975AB-2C89-4C01-B107-D87FCA21A5E3}"
EndProject
Project("{9A19103F-16F7-4668-BE54-9A1E7A4F7556}") = "EOM.TSHotelManager.EntityFramework", "TopskyHotelManagerSystem-WebApi\EOM.TSHotelManager.EntityFramework\EOM.TSHotelManager.EntityFramework.csproj", "{8F5CF88A-1111-44CC-AFFA-4637EA10E191}"
EndProject
Project("{9A19103F-16F7-4668-BE54-9A1E7A4F7556}") = "EOM.TSHotelManager.WebApi", "TopskyHotelManagerSystem-WebApi\EOM.TSHotelManager.WebApi\EOM.TSHotelManager.WebApi.csproj", "{566D7064-EA90-45C1-93B7-F512BBAD7BA1}"
EndProject
Project("{9A19103F-16F7-4668-BE54-9A1E7A4F7556}") = "EOM.TSHotelManager.Common.Core", "TopskyHotelManagerSystem-WebApi\EOM.TSHotelManager.Common.Core\EOM.TSHotelManager.Common.Core.csproj", "{48B3F864-88D2-4BD1-A766-B9EBF342AED1}"
EndProject
Project("{9A19103F-16F7-4668-BE54-9A1E7A4F7556}") = "EOM.TSHotelManager.Common.Util", "TopskyHotelManagerSystem-WebApi\EOM.TSHotelManager.Common.Util\EOM.TSHotelManager.Common.Util.csproj", "{9A62B6BE-7C26-465F-A8D1-2CEE66D6F837}"
EndProject
Project("{9A19103F-16F7-4668-BE54-9A1E7A4F7556}") = "EOM.TSHotelManager.Common", "EOM.TSHotelManager.Common\EOM.TSHotelManager.Common.csproj", "{781CEE04-DDB4-4037-8175-9A6548716871}"
EndProject
Project("{9A19103F-16F7-4668-BE54-9A1E7A4F7556}") = "EOM.TSHotelManager.FormUI", "EOM.TSHotelManager.FormUI\EOM.TSHotelManager.FormUI.csproj", "{D89E76F5-007B-4915-91A8-265CCA6814BF}"
EndProject
Project("{9A19103F-16F7-4668-BE54-9A1E7A4F7556}") = "EOM.TSHotelManager.Shared", "TopskyHotelManagerSystem-WebApi\EOM.TSHotelManager.Shared\EOM.TSHotelManager.Shared.csproj", "{1A37446C-A721-4507-89B5-7BFF6F66A004}"
EndProject
Global
	GlobalSection(SolutionConfigurationPlatforms) = preSolution
		Debug|Any CPU = Debug|Any CPU
		Release|Any CPU = Release|Any CPU
	EndGlobalSection
	GlobalSection(ProjectConfigurationPlatforms) = postSolution
		{B55975AB-2C89-4C01-B107-D87FCA21A5E3}.Debug|Any CPU.ActiveCfg = Debug|Any CPU
		{B55975AB-2C89-4C01-B107-D87FCA21A5E3}.Debug|Any CPU.Build.0 = Debug|Any CPU
		{B55975AB-2C89-4C01-B107-D87FCA21A5E3}.Release|Any CPU.ActiveCfg = Release|Any CPU
		{B55975AB-2C89-4C01-B107-D87FCA21A5E3}.Release|Any CPU.Build.0 = Release|Any CPU
		{8F5CF88A-1111-44CC-AFFA-4637EA10E191}.Debug|Any CPU.ActiveCfg = Debug|Any CPU
		{8F5CF88A-1111-44CC-AFFA-4637EA10E191}.Debug|Any CPU.Build.0 = Debug|Any CPU
		{8F5CF88A-1111-44CC-AFFA-4637EA10E191}.Release|Any CPU.ActiveCfg = Release|Any CPU
		{8F5CF88A-1111-44CC-AFFA-4637EA10E191}.Release|Any CPU.Build.0 = Release|Any CPU
		{566D7064-EA90-45C1-93B7-F512BBAD7BA1}.Debug|Any CPU.ActiveCfg = Debug|Any CPU
		{566D7064-EA90-45C1-93B7-F512BBAD7BA1}.Debug|Any CPU.Build.0 = Debug|Any CPU
		{566D7064-EA90-45C1-93B7-F512BBAD7BA1}.Release|Any CPU.ActiveCfg = Release|Any CPU
		{566D7064-EA90-45C1-93B7-F512BBAD7BA1}.Release|Any CPU.Build.0 = Release|Any CPU
		{48B3F864-88D2-4BD1-A766-B9EBF342AED1}.Debug|Any CPU.ActiveCfg = Debug|Any CPU
		{48B3F864-88D2-4BD1-A766-B9EBF342AED1}.Debug|Any CPU.Build.0 = Debug|Any CPU
		{48B3F864-88D2-4BD1-A766-B9EBF342AED1}.Release|Any CPU.ActiveCfg = Release|Any CPU
		{48B3F864-88D2-4BD1-A766-B9EBF342AED1}.Release|Any CPU.Build.0 = Release|Any CPU
		{9A62B6BE-7C26-465F-A8D1-2CEE66D6F837}.Debug|Any CPU.ActiveCfg = Debug|Any CPU
		{9A62B6BE-7C26-465F-A8D1-2CEE66D6F837}.Debug|Any CPU.Build.0 = Debug|Any CPU
		{9A62B6BE-7C26-465F-A8D1-2CEE66D6F837}.Release|Any CPU.ActiveCfg = Release|Any CPU
		{9A62B6BE-7C26-465F-A8D1-2CEE66D6F837}.Release|Any CPU.Build.0 = Release|Any CPU
		{781CEE04-DDB4-4037-8175-9A6548716871}.Debug|Any CPU.ActiveCfg = Debug|Any CPU
		{781CEE04-DDB4-4037-8175-9A6548716871}.Debug|Any CPU.Build.0 = Debug|Any CPU
		{781CEE04-DDB4-4037-8175-9A6548716871}.Release|Any CPU.ActiveCfg = Release|Any CPU
		{781CEE04-DDB4-4037-8175-9A6548716871}.Release|Any CPU.Build.0 = Release|Any CPU
		{D89E76F5-007B-4915-91A8-265CCA6814BF}.Debug|Any CPU.ActiveCfg = Debug|Any CPU
		{D89E76F5-007B-4915-91A8-265CCA6814BF}.Debug|Any CPU.Build.0 = Debug|Any CPU
		{D89E76F5-007B-4915-91A8-265CCA6814BF}.Release|Any CPU.ActiveCfg = Release|Any CPU
		{D89E76F5-007B-4915-91A8-265CCA6814BF}.Release|Any CPU.Build.0 = Release|Any CPU
		{1A37446C-A721-4507-89B5-7BFF6F66A004}.Debug|Any CPU.ActiveCfg = Debug|Any CPU
		{1A37446C-A721-4507-89B5-7BFF6F66A004}.Debug|Any CPU.Build.0 = Debug|Any CPU
		{1A37446C-A721-4507-89B5-7BFF6F66A004}.Release|Any CPU.ActiveCfg = Release|Any CPU
		{1A37446C-A721-4507-89B5-7BFF6F66A004}.Release|Any CPU.Build.0 = Release|Any CPU
	EndGlobalSection
	GlobalSection(SolutionProperties) = preSolution
		HideSolutionNode = FALSE
	EndGlobalSection
	GlobalSection(NestedProjects) = preSolution
		{B55975AB-2C89-4C01-B107-D87FCA21A5E3} = {6A3E4936-8B95-49E0-842B-E002C0E024CE}
		{8F5CF88A-1111-44CC-AFFA-4637EA10E191} = {6A3E4936-8B95-49E0-842B-E002C0E024CE}
		{566D7064-EA90-45C1-93B7-F512BBAD7BA1} = {6A3E4936-8B95-49E0-842B-E002C0E024CE}
		{48B3F864-88D2-4BD1-A766-B9EBF342AED1} = {6A3E4936-8B95-49E0-842B-E002C0E024CE}
		{9A62B6BE-7C26-465F-A8D1-2CEE66D6F837} = {6A3E4936-8B95-49E0-842B-E002C0E024CE}
		{781CEE04-DDB4-4037-8175-9A6548716871} = {3B8902EC-CAB9-406A-AAF7-24DABD885AC0}
		{D89E76F5-007B-4915-91A8-265CCA6814BF} = {3B8902EC-CAB9-406A-AAF7-24DABD885AC0}
		{1A37446C-A721-4507-89B5-7BFF6F66A004} = {6A3E4936-8B95-49E0-842B-E002C0E024CE}
	EndGlobalSection
	GlobalSection(ExtensibilityGlobals) = postSolution
		SolutionGuid = {B93ABE6D-89AD-45B3-94FB-65BD98597CC6}
	EndGlobalSection
EndGlobal
