
Microsoft Visual Studio Solution File, Format Version 12.00
# Visual Studio Version 16
VisualStudioVersion = 16.0.31205.134
MinimumVisualStudioVersion = 10.0.40219.1
Project("{FAE04EC0-301F-11D3-BF4B-00C04F79EFBC}") = "SYS.FormUI", "SYS.FormUI\SYS.FormUI.csproj", "{8854DCB7-F2D7-4276-8D10-C7A124436145}"
EndProject
Project("{FAE04EC0-301F-11D3-BF4B-00C04F79EFBC}") = "SYS.Core", "SYS.Core\SYS.Core.csproj", "{CD039D0F-BD50-4FBF-B9CD-CDFAB25C7DFA}"
EndProject
Project("{FAE04EC0-301F-11D3-BF4B-00C04F79EFBC}") = "SYS.Application", "SYS.Application\SYS.Application.csproj", "{600F4CC8-4323-4237-A55C-BFEF4B67D57C}"
EndProject
Project("{FAE04EC0-301F-11D3-BF4B-00C04F79EFBC}") = "SYS.Library", "SYS.Library\SYS.Library.csproj", "{BCEA3E3C-E6D2-4210-95DD-42B461D5F22A}"
EndProject
Project("{FAE04EC0-301F-11D3-BF4B-00C04F79EFBC}") = "SYS.Common", "SYS.Common\SYS.Common.csproj", "{65501AF6-C629-448A-847E-1BCD60665865}"
EndProject
Global
	GlobalSection(SolutionConfigurationPlatforms) = preSolution
		Debug|Any CPU = Debug|Any CPU
		Release|Any CPU = Release|Any CPU
	EndGlobalSection
	GlobalSection(ProjectConfigurationPlatforms) = postSolution
		{8854DCB7-F2D7-4276-8D10-C7A124436145}.Debug|Any CPU.ActiveCfg = Debug|Any CPU
		{8854DCB7-F2D7-4276-8D10-C7A124436145}.Debug|Any CPU.Build.0 = Debug|Any CPU
		{8854DCB7-F2D7-4276-8D10-C7A124436145}.Release|Any CPU.ActiveCfg = Release|Any CPU
		{8854DCB7-F2D7-4276-8D10-C7A124436145}.Release|Any CPU.Build.0 = Release|Any CPU
		{CD039D0F-BD50-4FBF-B9CD-CDFAB25C7DFA}.Debug|Any CPU.ActiveCfg = Debug|Any CPU
		{CD039D0F-BD50-4FBF-B9CD-CDFAB25C7DFA}.Debug|Any CPU.Build.0 = Debug|Any CPU
		{CD039D0F-BD50-4FBF-B9CD-CDFAB25C7DFA}.Release|Any CPU.ActiveCfg = Release|Any CPU
		{CD039D0F-BD50-4FBF-B9CD-CDFAB25C7DFA}.Release|Any CPU.Build.0 = Release|Any CPU
		{600F4CC8-4323-4237-A55C-BFEF4B67D57C}.Debug|Any CPU.ActiveCfg = Debug|Any CPU
		{600F4CC8-4323-4237-A55C-BFEF4B67D57C}.Debug|Any CPU.Build.0 = Debug|Any CPU
		{600F4CC8-4323-4237-A55C-BFEF4B67D57C}.Release|Any CPU.ActiveCfg = Release|Any CPU
		{600F4CC8-4323-4237-A55C-BFEF4B67D57C}.Release|Any CPU.Build.0 = Release|Any CPU
		{BCEA3E3C-E6D2-4210-95DD-42B461D5F22A}.Debug|Any CPU.ActiveCfg = Debug|Any CPU
		{BCEA3E3C-E6D2-4210-95DD-42B461D5F22A}.Debug|Any CPU.Build.0 = Debug|Any CPU
		{BCEA3E3C-E6D2-4210-95DD-42B461D5F22A}.Release|Any CPU.ActiveCfg = Release|Any CPU
		{BCEA3E3C-E6D2-4210-95DD-42B461D5F22A}.Release|Any CPU.Build.0 = Release|Any CPU
		{65501AF6-C629-448A-847E-1BCD60665865}.Debug|Any CPU.ActiveCfg = Debug|Any CPU
		{65501AF6-C629-448A-847E-1BCD60665865}.Debug|Any CPU.Build.0 = Debug|Any CPU
		{65501AF6-C629-448A-847E-1BCD60665865}.Release|Any CPU.ActiveCfg = Release|Any CPU
		{65501AF6-C629-448A-847E-1BCD60665865}.Release|Any CPU.Build.0 = Release|Any CPU
	EndGlobalSection
	GlobalSection(SolutionProperties) = preSolution
		HideSolutionNode = FALSE
	EndGlobalSection
	GlobalSection(ExtensibilityGlobals) = postSolution
		SolutionGuid = {B93ABE6D-89AD-45B3-94FB-65BD98597CC6}
	EndGlobalSection
EndGlobal
